// !$*UTF8*$!
{
	archiveVersion = 1;
	classes = {
	};
	objectVersion = 55;
	objects = {

/* Begin PBXBuildFile section */
		633903F028899C8700031E8B /* Hearthstone_match_statsApp.swift in Sources */ = {isa = PBXBuildFile; fileRef = 633903EF28899C8700031E8B /* Hearthstone_match_statsApp.swift */; };
		633903F228899C8700031E8B /* ContentView.swift in Sources */ = {isa = PBXBuildFile; fileRef = 633903F128899C8700031E8B /* ContentView.swift */; };
		633903F428899C8800031E8B /* Assets.xcassets in Resources */ = {isa = PBXBuildFile; fileRef = 633903F328899C8800031E8B /* Assets.xcassets */; };
		633903F728899C8800031E8B /* Preview Assets.xcassets in Resources */ = {isa = PBXBuildFile; fileRef = 633903F628899C8800031E8B /* Preview Assets.xcassets */; };
		633903FE2889A38E00031E8B /* NewMatchView.swift in Sources */ = {isa = PBXBuildFile; fileRef = 633903FD2889A38E00031E8B /* NewMatchView.swift */; };
		63508CCE288C3A6400D6D92A /* HistoryScreen.swift in Sources */ = {isa = PBXBuildFile; fileRef = 63508CCD288C3A6400D6D92A /* HistoryScreen.swift */; };
		63508CD1288C3EFE00D6D92A /* CoreData.xcdatamodeld in Sources */ = {isa = PBXBuildFile; fileRef = 63508CCF288C3EFE00D6D92A /* CoreData.xcdatamodeld */; };
		63508CD3288C421D00D6D92A /* MatchDataManager.swift in Sources */ = {isa = PBXBuildFile; fileRef = 63508CD2288C421D00D6D92A /* MatchDataManager.swift */; };
		63A208C028932B2C004E146C /* ProfileView.swift in Sources */ = {isa = PBXBuildFile; fileRef = 63A208BF28932B2C004E146C /* ProfileView.swift */; };
		63A208C22893381C004E146C /* ClassManager.swift in Sources */ = {isa = PBXBuildFile; fileRef = 63A208C12893381C004E146C /* ClassManager.swift */; };
/* End PBXBuildFile section */

/* Begin PBXFileReference section */
		633903EC28899C8700031E8B /* Hearthstone_match_stats.app */ = {isa = PBXFileReference; explicitFileType = wrapper.application; includeInIndex = 0; path = Hearthstone_match_stats.app; sourceTree = BUILT_PRODUCTS_DIR; };
		633903EF28899C8700031E8B /* Hearthstone_match_statsApp.swift */ = {isa = PBXFileReference; lastKnownFileType = sourcecode.swift; path = Hearthstone_match_statsApp.swift; sourceTree = "<group>"; };
		633903F128899C8700031E8B /* ContentView.swift */ = {isa = PBXFileReference; lastKnownFileType = sourcecode.swift; path = ContentView.swift; sourceTree = "<group>"; };
		633903F328899C8800031E8B /* Assets.xcassets */ = {isa = PBXFileReference; lastKnownFileType = folder.assetcatalog; path = Assets.xcassets; sourceTree = "<group>"; };
		633903F628899C8800031E8B /* Preview Assets.xcassets */ = {isa = PBXFileReference; lastKnownFileType = folder.assetcatalog; path = "Preview Assets.xcassets"; sourceTree = "<group>"; };
		633903FD2889A38E00031E8B /* NewMatchView.swift */ = {isa = PBXFileReference; lastKnownFileType = sourcecode.swift; path = NewMatchView.swift; sourceTree = "<group>"; };
		63508CCD288C3A6400D6D92A /* HistoryScreen.swift */ = {isa = PBXFileReference; lastKnownFileType = sourcecode.swift; path = HistoryScreen.swift; sourceTree = "<group>"; };
		63508CD0288C3EFE00D6D92A /* CoreData.xcdatamodel */ = {isa = PBXFileReference; lastKnownFileType = wrapper.xcdatamodel; path = CoreData.xcdatamodel; sourceTree = "<group>"; };
		63508CD2288C421D00D6D92A /* MatchDataManager.swift */ = {isa = PBXFileReference; lastKnownFileType = sourcecode.swift; path = MatchDataManager.swift; sourceTree = "<group>"; };
		63A208BF28932B2C004E146C /* ProfileView.swift */ = {isa = PBXFileReference; lastKnownFileType = sourcecode.swift; path = ProfileView.swift; sourceTree = "<group>"; };
		63A208C12893381C004E146C /* ClassManager.swift */ = {isa = PBXFileReference; lastKnownFileType = sourcecode.swift; path = ClassManager.swift; sourceTree = "<group>"; };
/* End PBXFileReference section */

/* Begin PBXFrameworksBuildPhase section */
		633903E928899C8700031E8B /* Frameworks */ = {
			isa = PBXFrameworksBuildPhase;
			buildActionMask = 2147483647;
			files = (
			);
			runOnlyForDeploymentPostprocessing = 0;
		};
/* End PBXFrameworksBuildPhase section */

/* Begin PBXGroup section */
		633903E328899C8700031E8B = {
			isa = PBXGroup;
			children = (
				633903EE28899C8700031E8B /* Hearthstone_match_stats */,
				633903ED28899C8700031E8B /* Products */,
			);
			sourceTree = "<group>";
		};
		633903ED28899C8700031E8B /* Products */ = {
			isa = PBXGroup;
			children = (
				633903EC28899C8700031E8B /* Hearthstone_match_stats.app */,
			);
			name = Products;
			sourceTree = "<group>";
		};
		633903EE28899C8700031E8B /* Hearthstone_match_stats */ = {
			isa = PBXGroup;
			children = (
				633903EF28899C8700031E8B /* Hearthstone_match_statsApp.swift */,
				63A208BC28932ACB004E146C /* View */,
				633903F328899C8800031E8B /* Assets.xcassets */,
				633903F528899C8800031E8B /* Preview Content */,
				63508CCF288C3EFE00D6D92A /* CoreData.xcdatamodeld */,
				63A208BE28932AF4004E146C /* Manager */,
			);
			path = Hearthstone_match_stats;
			sourceTree = "<group>";
		};
		633903F528899C8800031E8B /* Preview Content */ = {
			isa = PBXGroup;
			children = (
				633903F628899C8800031E8B /* Preview Assets.xcassets */,
			);
			path = "Preview Content";
			sourceTree = "<group>";
		};
		63A208BC28932ACB004E146C /* View */ = {
			isa = PBXGroup;
			children = (
				63508CCD288C3A6400D6D92A /* HistoryScreen.swift */,
				633903FD2889A38E00031E8B /* NewMatchView.swift */,
				633903F128899C8700031E8B /* ContentView.swift */,
				63A208BF28932B2C004E146C /* ProfileView.swift */,
			);
			name = View;
			sourceTree = "<group>";
		};
		63A208BE28932AF4004E146C /* Manager */ = {
			isa = PBXGroup;
			children = (
				63508CD2288C421D00D6D92A /* MatchDataManager.swift */,
				63A208C12893381C004E146C /* ClassManager.swift */,
			);
			path = Manager;
			sourceTree = "<group>";
		};
/* End PBXGroup section */

/* Begin PBXNativeTarget section */
		633903EB28899C8700031E8B /* Hearthstone_match_stats */ = {
			isa = PBXNativeTarget;
			buildConfigurationList = 633903FA28899C8800031E8B /* Build configuration list for PBXNativeTarget "Hearthstone_match_stats" */;
			buildPhases = (
				633903E828899C8700031E8B /* Sources */,
				633903E928899C8700031E8B /* Frameworks */,
				633903EA28899C8700031E8B /* Resources */,
			);
			buildRules = (
			);
			dependencies = (
			);
			name = Hearthstone_match_stats;
			productName = Hearthstone_match_stats;
			productReference = 633903EC28899C8700031E8B /* Hearthstone_match_stats.app */;
			productType = "com.apple.product-type.application";
		};
/* End PBXNativeTarget section */

/* Begin PBXProject section */
		633903E428899C8700031E8B /* Project object */ = {
			isa = PBXProject;
			attributes = {
				BuildIndependentTargetsInParallel = 1;
				LastSwiftUpdateCheck = 1340;
				LastUpgradeCheck = 1340;
				TargetAttributes = {
					633903EB28899C8700031E8B = {
						CreatedOnToolsVersion = 13.4.1;
					};
				};
			};
			buildConfigurationList = 633903E728899C8700031E8B /* Build configuration list for PBXProject "Hearthstone_match_stats" */;
			compatibilityVersion = "Xcode 13.0";
			developmentRegion = en;
			hasScannedForEncodings = 0;
			knownRegions = (
				en,
				Base,
			);
			mainGroup = 633903E328899C8700031E8B;
			productRefGroup = 633903ED28899C8700031E8B /* Products */;
			projectDirPath = "";
			projectRoot = "";
			targets = (
				633903EB28899C8700031E8B /* Hearthstone_match_stats */,
			);
		};
/* End PBXProject section */

/* Begin PBXResourcesBuildPhase section */
		633903EA28899C8700031E8B /* Resources */ = {
			isa = PBXResourcesBuildPhase;
			buildActionMask = 2147483647;
			files = (
				633903F728899C8800031E8B /* Preview Assets.xcassets in Resources */,
				633903F428899C8800031E8B /* Assets.xcassets in Resources */,
			);
			runOnlyForDeploymentPostprocessing = 0;
		};
/* End PBXResourcesBuildPhase section */

/* Begin PBXSourcesBuildPhase section */
		633903E828899C8700031E8B /* Sources */ = {
			isa = PBXSourcesBuildPhase;
			buildActionMask = 2147483647;
			files = (
				63508CCE288C3A6400D6D92A /* HistoryScreen.swift in Sources */,
				633903F228899C8700031E8B /* ContentView.swift in Sources */,
				63508CD1288C3EFE00D6D92A /* CoreData.xcdatamodeld in Sources */,
				63508CD3288C421D00D6D92A /* MatchDataManager.swift in Sources */,
				633903FE2889A38E00031E8B /* NewMatchView.swift in Sources */,
				63A208C028932B2C004E146C /* ProfileView.swift in Sources */,
				63A208C22893381C004E146C /* ClassManager.swift in Sources */,
				633903F028899C8700031E8B /* Hearthstone_match_statsApp.swift in Sources */,
			);
			runOnlyForDeploymentPostprocessing = 0;
		};
/* End PBXSourcesBuildPhase section */

/* Begin XCBuildConfiguration section */
		633903F828899C8800031E8B /* Debug */ = {
			isa = XCBuildConfiguration;
			buildSettings = {
				ALWAYS_SEARCH_USER_PATHS = NO;
				CLANG_ANALYZER_NONNULL = YES;
				CLANG_ANALYZER_NUMBER_OBJECT_CONVERSION = YES_AGGRESSIVE;
				CLANG_CXX_LANGUAGE_STANDARD = "gnu++17";
				CLANG_ENABLE_MODULES = YES;
				CLANG_ENABLE_OBJC_ARC = YES;
				CLANG_ENABLE_OBJC_WEAK = YES;
				CLANG_WARN_BLOCK_CAPTURE_AUTORELEASING = YES;
				CLANG_WARN_BOOL_CONVERSION = YES;
				CLANG_WARN_COMMA = YES;
				CLANG_WARN_CONSTANT_CONVERSION = YES;
				CLANG_WARN_DEPRECATED_OBJC_IMPLEMENTATIONS = YES;
				CLANG_WARN_DIRECT_OBJC_ISA_USAGE = YES_ERROR;
				CLANG_WARN_DOCUMENTATION_COMMENTS = YES;
				CLANG_WARN_EMPTY_BODY = YES;
				CLANG_WARN_ENUM_CONVERSION = YES;
				CLANG_WARN_INFINITE_RECURSION = YES;
				CLANG_WARN_INT_CONVERSION = YES;
				CLANG_WARN_NON_LITERAL_NULL_CONVERSION = YES;
				CLANG_WARN_OBJC_IMPLICIT_RETAIN_SELF = YES;
				CLANG_WARN_OBJC_LITERAL_CONVERSION = YES;
				CLANG_WARN_OBJC_ROOT_CLASS = YES_ERROR;
				CLANG_WARN_QUOTED_INCLUDE_IN_FRAMEWORK_HEADER = YES;
				CLANG_WARN_RANGE_LOOP_ANALYSIS = YES;
				CLANG_WARN_STRICT_PROTOTYPES = YES;
				CLANG_WARN_SUSPICIOUS_MOVE = YES;
				CLANG_WARN_UNGUARDED_AVAILABILITY = YES_AGGRESSIVE;
				CLANG_WARN_UNREACHABLE_CODE = YES;
				CLANG_WARN__DUPLICATE_METHOD_MATCH = YES;
				COPY_PHASE_STRIP = NO;
				DEBUG_INFORMATION_FORMAT = dwarf;
				ENABLE_STRICT_OBJC_MSGSEND = YES;
				ENABLE_TESTABILITY = YES;
				GCC_C_LANGUAGE_STANDARD = gnu11;
				GCC_DYNAMIC_NO_PIC = NO;
				GCC_NO_COMMON_BLOCKS = YES;
				GCC_OPTIMIZATION_LEVEL = 0;
				GCC_PREPROCESSOR_DEFINITIONS = (
					"DEBUG=1",
					"$(inherited)",
				);
				GCC_WARN_64_TO_32_BIT_CONVERSION = YES;
				GCC_WARN_ABOUT_RETURN_TYPE = YES_ERROR;
				GCC_WARN_UNDECLARED_SELECTOR = YES;
				GCC_WARN_UNINITIALIZED_AUTOS = YES_AGGRESSIVE;
				GCC_WARN_UNUSED_FUNCTION = YES;
				GCC_WARN_UNUSED_VARIABLE = YES;
				IPHONEOS_DEPLOYMENT_TARGET = 15.5;
				MTL_ENABLE_DEBUG_INFO = INCLUDE_SOURCE;
				MTL_FAST_MATH = YES;
				ONLY_ACTIVE_ARCH = YES;
				SDKROOT = iphoneos;
				SWIFT_ACTIVE_COMPILATION_CONDITIONS = DEBUG;
				SWIFT_OPTIMIZATION_LEVEL = "-Onone";
			};
			name = Debug;
		};
		633903F928899C8800031E8B /* Release */ = {
			isa = XCBuildConfiguration;
			buildSettings = {
				ALWAYS_SEARCH_USER_PATHS = NO;
				CLANG_ANALYZER_NONNULL = YES;
				CLANG_ANALYZER_NUMBER_OBJECT_CONVERSION = YES_AGGRESSIVE;
				CLANG_CXX_LANGUAGE_STANDARD = "gnu++17";
				CLANG_ENABLE_MODULES = YES;
				CLANG_ENABLE_OBJC_ARC = YES;
				CLANG_ENABLE_OBJC_WEAK = YES;
				CLANG_WARN_BLOCK_CAPTURE_AUTORELEASING = YES;
				CLANG_WARN_BOOL_CONVERSION = YES;
				CLANG_WARN_COMMA = YES;
				CLANG_WARN_CONSTANT_CONVERSION = YES;
				CLANG_WARN_DEPRECATED_OBJC_IMPLEMENTATIONS = YES;
				CLANG_WARN_DIRECT_OBJC_ISA_USAGE = YES_ERROR;
				CLANG_WARN_DOCUMENTATION_COMMENTS = YES;
				CLANG_WARN_EMPTY_BODY = YES;
				CLANG_WARN_ENUM_CONVERSION = YES;
				CLANG_WARN_INFINITE_RECURSION = YES;
				CLANG_WARN_INT_CONVERSION = YES;
				CLANG_WARN_NON_LITERAL_NULL_CONVERSION = YES;
				CLANG_WARN_OBJC_IMPLICIT_RETAIN_SELF = YES;
				CLANG_WARN_OBJC_LITERAL_CONVERSION = YES;
				CLANG_WARN_OBJC_ROOT_CLASS = YES_ERROR;
				CLANG_WARN_QUOTED_INCLUDE_IN_FRAMEWORK_HEADER = YES;
				CLANG_WARN_RANGE_LOOP_ANALYSIS = YES;
				CLANG_WARN_STRICT_PROTOTYPES = YES;
				CLANG_WARN_SUSPICIOUS_MOVE = YES;
				CLANG_WARN_UNGUARDED_AVAILABILITY = YES_AGGRESSIVE;
				CLANG_WARN_UNREACHABLE_CODE = YES;
				CLANG_WARN__DUPLICATE_METHOD_MATCH = YES;
				COPY_PHASE_STRIP = NO;
				DEBUG_INFORMATION_FORMAT = "dwarf-with-dsym";
				ENABLE_NS_ASSERTIONS = NO;
				ENABLE_STRICT_OBJC_MSGSEND = YES;
				GCC_C_LANGUAGE_STANDARD = gnu11;
				GCC_NO_COMMON_BLOCKS = YES;
				GCC_WARN_64_TO_32_BIT_CONVERSION = YES;
				GCC_WARN_ABOUT_RETURN_TYPE = YES_ERROR;
				GCC_WARN_UNDECLARED_SELECTOR = YES;
				GCC_WARN_UNINITIALIZED_AUTOS = YES_AGGRESSIVE;
				GCC_WARN_UNUSED_FUNCTION = YES;
				GCC_WARN_UNUSED_VARIABLE = YES;
				IPHONEOS_DEPLOYMENT_TARGET = 15.5;
				MTL_ENABLE_DEBUG_INFO = NO;
				MTL_FAST_MATH = YES;
				SDKROOT = iphoneos;
				SWIFT_COMPILATION_MODE = wholemodule;
				SWIFT_OPTIMIZATION_LEVEL = "-O";
				VALIDATE_PRODUCT = YES;
			};
			name = Release;
		};
		633903FB28899C8800031E8B /* Debug */ = {
			isa = XCBuildConfiguration;
			buildSettings = {
				ASSETCATALOG_COMPILER_APPICON_NAME = AppIcon;
				ASSETCATALOG_COMPILER_GLOBAL_ACCENT_COLOR_NAME = AccentColor;
				CODE_SIGN_STYLE = Automatic;
				CURRENT_PROJECT_VERSION = 1;
				DEVELOPMENT_ASSET_PATHS = "\"Hearthstone_match_stats/Preview Content\"";
				DEVELOPMENT_TEAM = L69CCQ27TW;
				ENABLE_PREVIEWS = YES;
				GENERATE_INFOPLIST_FILE = YES;
				INFOPLIST_KEY_UIApplicationSceneManifest_Generation = YES;
				INFOPLIST_KEY_UIApplicationSupportsIndirectInputEvents = YES;
				INFOPLIST_KEY_UILaunchScreen_Generation = YES;
				INFOPLIST_KEY_UISupportedInterfaceOrientations_iPad = "UIInterfaceOrientationPortrait UIInterfaceOrientationPortraitUpsideDown UIInterfaceOrientationLandscapeLeft UIInterfaceOrientationLandscapeRight";
				INFOPLIST_KEY_UISupportedInterfaceOrientations_iPhone = "UIInterfaceOrientationPortrait UIInterfaceOrientationLandscapeLeft UIInterfaceOrientationLandscapeRight";
				LD_RUNPATH_SEARCH_PATHS = (
					"$(inherited)",
					"@executable_path/Frameworks",
				);
				MARKETING_VERSION = 1.0;
				PRODUCT_BUNDLE_IDENTIFIER = "Patrick.Lanham.Hearthstone-match-stats";
				PRODUCT_NAME = "$(TARGET_NAME)";
				SWIFT_EMIT_LOC_STRINGS = YES;
				SWIFT_VERSION = 5.0;
				TARGETED_DEVICE_FAMILY = "1,2";
			};
			name = Debug;
		};
		633903FC28899C8800031E8B /* Release */ = {
			isa = XCBuildConfiguration;
			buildSettings = {
				ASSETCATALOG_COMPILER_APPICON_NAME = AppIcon;
				ASSETCATALOG_COMPILER_GLOBAL_ACCENT_COLOR_NAME = AccentColor;
				CODE_SIGN_STYLE = Automatic;
				CURRENT_PROJECT_VERSION = 1;
				DEVELOPMENT_ASSET_PATHS = "\"Hearthstone_match_stats/Preview Content\"";
				DEVELOPMENT_TEAM = L69CCQ27TW;
				ENABLE_PREVIEWS = YES;
				GENERATE_INFOPLIST_FILE = YES;
				INFOPLIST_KEY_UIApplicationSceneManifest_Generation = YES;
				INFOPLIST_KEY_UIApplicationSupportsIndirectInputEvents = YES;
				INFOPLIST_KEY_UILaunchScreen_Generation = YES;
				INFOPLIST_KEY_UISupportedInterfaceOrientations_iPad = "UIInterfaceOrientationPortrait UIInterfaceOrientationPortraitUpsideDown UIInterfaceOrientationLandscapeLeft UIInterfaceOrientationLandscapeRight";
				INFOPLIST_KEY_UISupportedInterfaceOrientations_iPhone = "UIInterfaceOrientationPortrait UIInterfaceOrientationLandscapeLeft UIInterfaceOrientationLandscapeRight";
				LD_RUNPATH_SEARCH_PATHS = (
					"$(inherited)",
					"@executable_path/Frameworks",
				);
				MARKETING_VERSION = 1.0;
				PRODUCT_BUNDLE_IDENTIFIER = "Patrick.Lanham.Hearthstone-match-stats";
				PRODUCT_NAME = "$(TARGET_NAME)";
				SWIFT_EMIT_LOC_STRINGS = YES;
				SWIFT_VERSION = 5.0;
				TARGETED_DEVICE_FAMILY = "1,2";
			};
			name = Release;
		};
/* End XCBuildConfiguration section */

/* Begin XCConfigurationList section */
		633903E728899C8700031E8B /* Build configuration list for PBXProject "Hearthstone_match_stats" */ = {
			isa = XCConfigurationList;
			buildConfigurations = (
				633903F828899C8800031E8B /* Debug */,
				633903F928899C8800031E8B /* Release */,
			);
			defaultConfigurationIsVisible = 0;
			defaultConfigurationName = Release;
		};
		633903FA28899C8800031E8B /* Build configuration list for PBXNativeTarget "Hearthstone_match_stats" */ = {
			isa = XCConfigurationList;
			buildConfigurations = (
				633903FB28899C8800031E8B /* Debug */,
				633903FC28899C8800031E8B /* Release */,
			);
			defaultConfigurationIsVisible = 0;
			defaultConfigurationName = Release;
		};
/* End XCConfigurationList section */

/* Begin XCVersionGroup section */
		63508CCF288C3EFE00D6D92A /* CoreData.xcdatamodeld */ = {
			isa = XCVersionGroup;
			children = (
				63508CD0288C3EFE00D6D92A /* CoreData.xcdatamodel */,
			);
			currentVersion = 63508CD0288C3EFE00D6D92A /* CoreData.xcdatamodel */;
			path = CoreData.xcdatamodeld;
			sourceTree = "<group>";
			versionGroupType = wrapper.xcdatamodel;
		};
/* End XCVersionGroup section */
	};
	rootObject = 633903E428899C8700031E8B /* Project object */;
}
